
Microsoft Visual Studio Solution File, Format Version 12.00
# Visual Studio Version 17
VisualStudioVersion = 17.9.34728.123
MinimumVisualStudioVersion = 10.0.40219.1
Project("{FAE04EC0-301F-11D3-BF4B-00C04F79EFBC}") = "EduSphere", "EduSphere\EduSphere.csproj", "{698A8A80-2FED-417F-96D8-1F6FA234C791}"
EndProject
Global
	GlobalSection(SolutionConfigurationPlatforms) = preSolution
		Debug|Any CPU = Debug|Any CPU
		Release|Any CPU = Release|Any CPU
	EndGlobalSection
	GlobalSection(ProjectConfigurationPlatforms) = postSolution
		{698A8A80-2FED-417F-96D8-1F6FA234C791}.Debug|Any CPU.ActiveCfg = Debug|Any CPU
		{698A8A80-2FED-417F-96D8-1F6FA234C791}.Debug|Any CPU.Build.0 = Debug|Any CPU
		{698A8A80-2FED-417F-96D8-1F6FA234C791}.Release|Any CPU.ActiveCfg = Release|Any CPU
		{698A8A80-2FED-417F-96D8-1F6FA234C791}.Release|Any CPU.Build.0 = Release|Any CPU
	EndGlobalSection
	GlobalSection(SolutionProperties) = preSolution
		HideSolutionNode = FALSE
	EndGlobalSection
	GlobalSection(ExtensibilityGlobals) = postSolution
		SolutionGuid = {BAFE4078-3248-4A8B-A0B9-47DFD6A7C858}
	EndGlobalSection
EndGlobal
